
Microsoft Visual Studio Solution File, Format Version 12.00
# Visual Studio Version 16
VisualStudioVersion = 16.0.31515.178
MinimumVisualStudioVersion = 10.0.40219.1
Project("{FAE04EC0-301F-11D3-BF4B-00C04F79EFBC}") = "ModbusTCP", "ModbusTCP\ModbusTCP.csproj", "{D16ED432-809B-418F-A840-B51F1834B829}"
EndProject
Global
	GlobalSection(SolutionConfigurationPlatforms) = preSolution
		Debug|Any CPU = Debug|Any CPU
		Release|Any CPU = Release|Any CPU
	EndGlobalSection
	GlobalSection(ProjectConfigurationPlatforms) = postSolution
		{D16ED432-809B-418F-A840-B51F1834B829}.Debug|Any CPU.ActiveCfg = Debug|Any CPU
		{D16ED432-809B-418F-A840-B51F1834B829}.Debug|Any CPU.Build.0 = Debug|Any CPU
		{D16ED432-809B-418F-A840-B51F1834B829}.Release|Any CPU.ActiveCfg = Release|Any CPU
		{D16ED432-809B-418F-A840-B51F1834B829}.Release|Any CPU.Build.0 = Release|Any CPU
	EndGlobalSection
	GlobalSection(SolutionProperties) = preSolution
		HideSolutionNode = FALSE
	EndGlobalSection
	GlobalSection(ExtensibilityGlobals) = postSolution
		SolutionGuid = {5B52E5D1-75D0-4E32-8026-EC342E77C922}
	EndGlobalSection
EndGlobal
